// !$*UTF8*$!
{
	archiveVersion = 1;
	classes = {
	};
	objectVersion = 46;
	objects = {

/* Begin PBXBuildFile section */
		CE38F2991E91FA7E006CD5BB /* main.m in Sources */ = {isa = PBXBuildFile; fileRef = CE38F2981E91FA7E006CD5BB /* main.m */; };
		CE38F29C1E91FA7E006CD5BB /* AppDelegate.m in Sources */ = {isa = PBXBuildFile; fileRef = CE38F29B1E91FA7E006CD5BB /* AppDelegate.m */; };
		CE38F29E1E91FA7E006CD5BB /* Assets.xcassets in Resources */ = {isa = PBXBuildFile; fileRef = CE38F29D1E91FA7E006CD5BB /* Assets.xcassets */; };
		CE38F2B11E91FEC3006CD5BB /* CodingHelper.m in Sources */ = {isa = PBXBuildFile; fileRef = CE38F2B01E91FEC3006CD5BB /* CodingHelper.m */; };
		CE38F2B41E91FEDF006CD5BB /* NewsListVC.m in Sources */ = {isa = PBXBuildFile; fileRef = CE38F2B31E91FEDF006CD5BB /* NewsListVC.m */; };
		CE38F2C31E922EDA006CD5BB /* AFHTTPSessionManager.m in Sources */ = {isa = PBXBuildFile; fileRef = CE38F2B71E922EDA006CD5BB /* AFHTTPSessionManager.m */; };
		CE38F2C41E922EDA006CD5BB /* AFNetworkReachabilityManager.m in Sources */ = {isa = PBXBuildFile; fileRef = CE38F2BA1E922EDA006CD5BB /* AFNetworkReachabilityManager.m */; };
		CE38F2C51E922EDA006CD5BB /* AFSecurityPolicy.m in Sources */ = {isa = PBXBuildFile; fileRef = CE38F2BC1E922EDA006CD5BB /* AFSecurityPolicy.m */; };
		CE38F2C61E922EDA006CD5BB /* AFURLRequestSerialization.m in Sources */ = {isa = PBXBuildFile; fileRef = CE38F2BE1E922EDA006CD5BB /* AFURLRequestSerialization.m */; };
		CE38F2C71E922EDA006CD5BB /* AFURLResponseSerialization.m in Sources */ = {isa = PBXBuildFile; fileRef = CE38F2C01E922EDA006CD5BB /* AFURLResponseSerialization.m */; };
		CE38F2C81E922EDA006CD5BB /* AFURLSessionManager.m in Sources */ = {isa = PBXBuildFile; fileRef = CE38F2C21E922EDA006CD5BB /* AFURLSessionManager.m */; };
		CE38F2DE1E922EEE006CD5BB /* AFAutoPurgingImageCache.m in Sources */ = {isa = PBXBuildFile; fileRef = CE38F2CB1E922EEE006CD5BB /* AFAutoPurgingImageCache.m */; };
		CE38F2DF1E922EEE006CD5BB /* AFImageDownloader.m in Sources */ = {isa = PBXBuildFile; fileRef = CE38F2CD1E922EEE006CD5BB /* AFImageDownloader.m */; };
		CE38F2E01E922EEE006CD5BB /* AFNetworkActivityIndicatorManager.m in Sources */ = {isa = PBXBuildFile; fileRef = CE38F2CF1E922EEE006CD5BB /* AFNetworkActivityIndicatorManager.m */; };
		CE38F2E11E922EEE006CD5BB /* UIActivityIndicatorView+AFNetworking.m in Sources */ = {isa = PBXBuildFile; fileRef = CE38F2D11E922EEE006CD5BB /* UIActivityIndicatorView+AFNetworking.m */; };
		CE38F2E21E922EEE006CD5BB /* UIButton+AFNetworking.m in Sources */ = {isa = PBXBuildFile; fileRef = CE38F2D31E922EEE006CD5BB /* UIButton+AFNetworking.m */; };
		CE38F2E31E922EEE006CD5BB /* UIImageView+AFNetworking.m in Sources */ = {isa = PBXBuildFile; fileRef = CE38F2D61E922EEE006CD5BB /* UIImageView+AFNetworking.m */; };
		CE38F2E41E922EEE006CD5BB /* UIProgressView+AFNetworking.m in Sources */ = {isa = PBXBuildFile; fileRef = CE38F2D91E922EEE006CD5BB /* UIProgressView+AFNetworking.m */; };
		CE38F2E51E922EEE006CD5BB /* UIRefreshControl+AFNetworking.m in Sources */ = {isa = PBXBuildFile; fileRef = CE38F2DB1E922EEE006CD5BB /* UIRefreshControl+AFNetworking.m */; };
		CE38F2E61E922EEE006CD5BB /* UIWebView+AFNetworking.m in Sources */ = {isa = PBXBuildFile; fileRef = CE38F2DD1E922EEE006CD5BB /* UIWebView+AFNetworking.m */; };
		CE38F2E91E922F7D006CD5BB /* APIManager.m in Sources */ = {isa = PBXBuildFile; fileRef = CE38F2E81E922F7D006CD5BB /* APIManager.m */; };
/* End PBXBuildFile section */

/* Begin PBXFileReference section */
		CE38F2941E91FA7E006CD5BB /* News.app */ = {isa = PBXFileReference; explicitFileType = wrapper.application; includeInIndex = 0; path = News.app; sourceTree = BUILT_PRODUCTS_DIR; };
		CE38F2981E91FA7E006CD5BB /* main.m */ = {isa = PBXFileReference; lastKnownFileType = sourcecode.c.objc; path = main.m; sourceTree = "<group>"; };
		CE38F29A1E91FA7E006CD5BB /* AppDelegate.h */ = {isa = PBXFileReference; lastKnownFileType = sourcecode.c.h; path = AppDelegate.h; sourceTree = "<group>"; };
		CE38F29B1E91FA7E006CD5BB /* AppDelegate.m */ = {isa = PBXFileReference; lastKnownFileType = sourcecode.c.objc; path = AppDelegate.m; sourceTree = "<group>"; };
		CE38F29D1E91FA7E006CD5BB /* Assets.xcassets */ = {isa = PBXFileReference; lastKnownFileType = folder.assetcatalog; path = Assets.xcassets; sourceTree = "<group>"; };
		CE38F2A21E91FA7E006CD5BB /* Info.plist */ = {isa = PBXFileReference; lastKnownFileType = text.plist.xml; path = Info.plist; sourceTree = "<group>"; };
		CE38F2AF1E91FEC3006CD5BB /* CodingHelper.h */ = {isa = PBXFileReference; fileEncoding = 4; lastKnownFileType = sourcecode.c.h; path = CodingHelper.h; sourceTree = "<group>"; };
		CE38F2B01E91FEC3006CD5BB /* CodingHelper.m */ = {isa = PBXFileReference; fileEncoding = 4; lastKnownFileType = sourcecode.c.objc; path = CodingHelper.m; sourceTree = "<group>"; };
		CE38F2B21E91FEDF006CD5BB /* NewsListVC.h */ = {isa = PBXFileReference; fileEncoding = 4; lastKnownFileType = sourcecode.c.h; path = NewsListVC.h; sourceTree = "<group>"; };
		CE38F2B31E91FEDF006CD5BB /* NewsListVC.m */ = {isa = PBXFileReference; fileEncoding = 4; lastKnownFileType = sourcecode.c.objc; path = NewsListVC.m; sourceTree = "<group>"; };
		CE38F2B61E922EDA006CD5BB /* AFHTTPSessionManager.h */ = {isa = PBXFileReference; fileEncoding = 4; lastKnownFileType = sourcecode.c.h; path = AFHTTPSessionManager.h; sourceTree = "<group>"; };
		CE38F2B71E922EDA006CD5BB /* AFHTTPSessionManager.m */ = {isa = PBXFileReference; fileEncoding = 4; lastKnownFileType = sourcecode.c.objc; path = AFHTTPSessionManager.m; sourceTree = "<group>"; };
		CE38F2B81E922EDA006CD5BB /* AFNetworking.h */ = {isa = PBXFileReference; fileEncoding = 4; lastKnownFileType = sourcecode.c.h; path = AFNetworking.h; sourceTree = "<group>"; };
		CE38F2B91E922EDA006CD5BB /* AFNetworkReachabilityManager.h */ = {isa = PBXFileReference; fileEncoding = 4; lastKnownFileType = sourcecode.c.h; path = AFNetworkReachabilityManager.h; sourceTree = "<group>"; };
		CE38F2BA1E922EDA006CD5BB /* AFNetworkReachabilityManager.m */ = {isa = PBXFileReference; fileEncoding = 4; lastKnownFileType = sourcecode.c.objc; path = AFNetworkReachabilityManager.m; sourceTree = "<group>"; };
		CE38F2BB1E922EDA006CD5BB /* AFSecurityPolicy.h */ = {isa = PBXFileReference; fileEncoding = 4; lastKnownFileType = sourcecode.c.h; path = AFSecurityPolicy.h; sourceTree = "<group>"; };
		CE38F2BC1E922EDA006CD5BB /* AFSecurityPolicy.m */ = {isa = PBXFileReference; fileEncoding = 4; lastKnownFileType = sourcecode.c.objc; path = AFSecurityPolicy.m; sourceTree = "<group>"; };
		CE38F2BD1E922EDA006CD5BB /* AFURLRequestSerialization.h */ = {isa = PBXFileReference; fileEncoding = 4; lastKnownFileType = sourcecode.c.h; path = AFURLRequestSerialization.h; sourceTree = "<group>"; };
		CE38F2BE1E922EDA006CD5BB /* AFURLRequestSerialization.m */ = {isa = PBXFileReference; fileEncoding = 4; lastKnownFileType = sourcecode.c.objc; path = AFURLRequestSerialization.m; sourceTree = "<group>"; };
		CE38F2BF1E922EDA006CD5BB /* AFURLResponseSerialization.h */ = {isa = PBXFileReference; fileEncoding = 4; lastKnownFileType = sourcecode.c.h; path = AFURLResponseSerialization.h; sourceTree = "<group>"; };
		CE38F2C01E922EDA006CD5BB /* AFURLResponseSerialization.m */ = {isa = PBXFileReference; fileEncoding = 4; lastKnownFileType = sourcecode.c.objc; path = AFURLResponseSerialization.m; sourceTree = "<group>"; };
		CE38F2C11E922EDA006CD5BB /* AFURLSessionManager.h */ = {isa = PBXFileReference; fileEncoding = 4; lastKnownFileType = sourcecode.c.h; path = AFURLSessionManager.h; sourceTree = "<group>"; };
		CE38F2C21E922EDA006CD5BB /* AFURLSessionManager.m */ = {isa = PBXFileReference; fileEncoding = 4; lastKnownFileType = sourcecode.c.objc; path = AFURLSessionManager.m; sourceTree = "<group>"; };
		CE38F2CA1E922EEE006CD5BB /* AFAutoPurgingImageCache.h */ = {isa = PBXFileReference; fileEncoding = 4; lastKnownFileType = sourcecode.c.h; path = AFAutoPurgingImageCache.h; sourceTree = "<group>"; };
		CE38F2CB1E922EEE006CD5BB /* AFAutoPurgingImageCache.m */ = {isa = PBXFileReference; fileEncoding = 4; lastKnownFileType = sourcecode.c.objc; path = AFAutoPurgingImageCache.m; sourceTree = "<group>"; };
		CE38F2CC1E922EEE006CD5BB /* AFImageDownloader.h */ = {isa = PBXFileReference; fileEncoding = 4; lastKnownFileType = sourcecode.c.h; path = AFImageDownloader.h; sourceTree = "<group>"; };
		CE38F2CD1E922EEE006CD5BB /* AFImageDownloader.m */ = {isa = PBXFileReference; fileEncoding = 4; lastKnownFileType = sourcecode.c.objc; path = AFImageDownloader.m; sourceTree = "<group>"; };
		CE38F2CE1E922EEE006CD5BB /* AFNetworkActivityIndicatorManager.h */ = {isa = PBXFileReference; fileEncoding = 4; lastKnownFileType = sourcecode.c.h; path = AFNetworkActivityIndicatorManager.h; sourceTree = "<group>"; };
		CE38F2CF1E922EEE006CD5BB /* AFNetworkActivityIndicatorManager.m */ = {isa = PBXFileReference; fileEncoding = 4; lastKnownFileType = sourcecode.c.objc; path = AFNetworkActivityIndicatorManager.m; sourceTree = "<group>"; };
		CE38F2D01E922EEE006CD5BB /* UIActivityIndicatorView+AFNetworking.h */ = {isa = PBXFileReference; fileEncoding = 4; lastKnownFileType = sourcecode.c.h; path = "UIActivityIndicatorView+AFNetworking.h"; sourceTree = "<group>"; };
		CE38F2D11E922EEE006CD5BB /* UIActivityIndicatorView+AFNetworking.m */ = {isa = PBXFileReference; fileEncoding = 4; lastKnownFileType = sourcecode.c.objc; path = "UIActivityIndicatorView+AFNetworking.m"; sourceTree = "<group>"; };
		CE38F2D21E922EEE006CD5BB /* UIButton+AFNetworking.h */ = {isa = PBXFileReference; fileEncoding = 4; lastKnownFileType = sourcecode.c.h; path = "UIButton+AFNetworking.h"; sourceTree = "<group>"; };
		CE38F2D31E922EEE006CD5BB /* UIButton+AFNetworking.m */ = {isa = PBXFileReference; fileEncoding = 4; lastKnownFileType = sourcecode.c.objc; path = "UIButton+AFNetworking.m"; sourceTree = "<group>"; };
		CE38F2D41E922EEE006CD5BB /* UIImage+AFNetworking.h */ = {isa = PBXFileReference; fileEncoding = 4; lastKnownFileType = sourcecode.c.h; path = "UIImage+AFNetworking.h"; sourceTree = "<group>"; };
		CE38F2D51E922EEE006CD5BB /* UIImageView+AFNetworking.h */ = {isa = PBXFileReference; fileEncoding = 4; lastKnownFileType = sourcecode.c.h; path = "UIImageView+AFNetworking.h"; sourceTree = "<group>"; };
		CE38F2D61E922EEE006CD5BB /* UIImageView+AFNetworking.m */ = {isa = PBXFileReference; fileEncoding = 4; lastKnownFileType = sourcecode.c.objc; path = "UIImageView+AFNetworking.m"; sourceTree = "<group>"; };
		CE38F2D71E922EEE006CD5BB /* UIKit+AFNetworking.h */ = {isa = PBXFileReference; fileEncoding = 4; lastKnownFileType = sourcecode.c.h; path = "UIKit+AFNetworking.h"; sourceTree = "<group>"; };
		CE38F2D81E922EEE006CD5BB /* UIProgressView+AFNetworking.h */ = {isa = PBXFileReference; fileEncoding = 4; lastKnownFileType = sourcecode.c.h; path = "UIProgressView+AFNetworking.h"; sourceTree = "<group>"; };
		CE38F2D91E922EEE006CD5BB /* UIProgressView+AFNetworking.m */ = {isa = PBXFileReference; fileEncoding = 4; lastKnownFileType = sourcecode.c.objc; path = "UIProgressView+AFNetworking.m"; sourceTree = "<group>"; };
		CE38F2DA1E922EEE006CD5BB /* UIRefreshControl+AFNetworking.h */ = {isa = PBXFileReference; fileEncoding = 4; lastKnownFileType = sourcecode.c.h; path = "UIRefreshControl+AFNetworking.h"; sourceTree = "<group>"; };
		CE38F2DB1E922EEE006CD5BB /* UIRefreshControl+AFNetworking.m */ = {isa = PBXFileReference; fileEncoding = 4; lastKnownFileType = sourcecode.c.objc; path = "UIRefreshControl+AFNetworking.m"; sourceTree = "<group>"; };
		CE38F2DC1E922EEE006CD5BB /* UIWebView+AFNetworking.h */ = {isa = PBXFileReference; fileEncoding = 4; lastKnownFileType = sourcecode.c.h; path = "UIWebView+AFNetworking.h"; sourceTree = "<group>"; };
		CE38F2DD1E922EEE006CD5BB /* UIWebView+AFNetworking.m */ = {isa = PBXFileReference; fileEncoding = 4; lastKnownFileType = sourcecode.c.objc; path = "UIWebView+AFNetworking.m"; sourceTree = "<group>"; };
		CE38F2E71E922F7D006CD5BB /* APIManager.h */ = {isa = PBXFileReference; fileEncoding = 4; lastKnownFileType = sourcecode.c.h; path = APIManager.h; sourceTree = "<group>"; };
		CE38F2E81E922F7D006CD5BB /* APIManager.m */ = {isa = PBXFileReference; fileEncoding = 4; lastKnownFileType = sourcecode.c.objc; path = APIManager.m; sourceTree = "<group>"; };
/* End PBXFileReference section */

/* Begin PBXFrameworksBuildPhase section */
		CE38F2911E91FA7E006CD5BB /* Frameworks */ = {
			isa = PBXFrameworksBuildPhase;
			buildActionMask = 2147483647;
			files = (
			);
			runOnlyForDeploymentPostprocessing = 0;
		};
/* End PBXFrameworksBuildPhase section */

/* Begin PBXGroup section */
		CE38F28B1E91FA7E006CD5BB = {
			isa = PBXGroup;
			children = (
				CE38F2961E91FA7E006CD5BB /* News */,
				CE38F2951E91FA7E006CD5BB /* Products */,
			);
			sourceTree = "<group>";
		};
		CE38F2951E91FA7E006CD5BB /* Products */ = {
			isa = PBXGroup;
			children = (
				CE38F2941E91FA7E006CD5BB /* News.app */,
			);
			name = Products;
			sourceTree = "<group>";
		};
		CE38F2961E91FA7E006CD5BB /* News */ = {
			isa = PBXGroup;
			children = (
				CE38F29A1E91FA7E006CD5BB /* AppDelegate.h */,
				CE38F29B1E91FA7E006CD5BB /* AppDelegate.m */,
				CE38F2A81E91FE38006CD5BB /* Model */,
				CE38F2A91E91FE38006CD5BB /* View */,
				CE38F2AA1E91FE38006CD5BB /* Controller */,
				CE38F2AB1E91FE38006CD5BB /* Util */,
				CE38F2AC1E91FE38006CD5BB /* Third */,
				CE38F2AD1E91FE38006CD5BB /* SDK */,
				CE38F2AE1E91FE38006CD5BB /* Resource */,
				CE38F29D1E91FA7E006CD5BB /* Assets.xcassets */,
				CE38F2A21E91FA7E006CD5BB /* Info.plist */,
				CE38F2971E91FA7E006CD5BB /* Supporting Files */,
			);
			path = News;
			sourceTree = "<group>";
		};
		CE38F2971E91FA7E006CD5BB /* Supporting Files */ = {
			isa = PBXGroup;
			children = (
				CE38F2981E91FA7E006CD5BB /* main.m */,
			);
			name = "Supporting Files";
			sourceTree = "<group>";
		};
		CE38F2A81E91FE38006CD5BB /* Model */ = {
			isa = PBXGroup;
			children = (
			);
			path = Model;
			sourceTree = "<group>";
		};
		CE38F2A91E91FE38006CD5BB /* View */ = {
			isa = PBXGroup;
			children = (
			);
			path = View;
			sourceTree = "<group>";
		};
		CE38F2AA1E91FE38006CD5BB /* Controller */ = {
			isa = PBXGroup;
			children = (
				CE38F2B21E91FEDF006CD5BB /* NewsListVC.h */,
				CE38F2B31E91FEDF006CD5BB /* NewsListVC.m */,
			);
			path = Controller;
			sourceTree = "<group>";
		};
		CE38F2AB1E91FE38006CD5BB /* Util */ = {
			isa = PBXGroup;
			children = (
				CE38F2AF1E91FEC3006CD5BB /* CodingHelper.h */,
				CE38F2B01E91FEC3006CD5BB /* CodingHelper.m */,
				CE38F2E71E922F7D006CD5BB /* APIManager.h */,
				CE38F2E81E922F7D006CD5BB /* APIManager.m */,
			);
			path = Util;
			sourceTree = "<group>";
		};
		CE38F2AC1E91FE38006CD5BB /* Third */ = {
			isa = PBXGroup;
			children = (
				CE38F2C91E922EEE006CD5BB /* UIKit+AFNetworking */,
				CE38F2B51E922EDA006CD5BB /* AFNetworking */,
			);
			path = Third;
			sourceTree = "<group>";
		};
		CE38F2AD1E91FE38006CD5BB /* SDK */ = {
			isa = PBXGroup;
			children = (
			);
			path = SDK;
			sourceTree = "<group>";
		};
		CE38F2AE1E91FE38006CD5BB /* Resource */ = {
			isa = PBXGroup;
			children = (
			);
			path = Resource;
			sourceTree = "<group>";
		};
		CE38F2B51E922EDA006CD5BB /* AFNetworking */ = {
			isa = PBXGroup;
			children = (
				CE38F2B61E922EDA006CD5BB /* AFHTTPSessionManager.h */,
				CE38F2B71E922EDA006CD5BB /* AFHTTPSessionManager.m */,
				CE38F2B81E922EDA006CD5BB /* AFNetworking.h */,
				CE38F2B91E922EDA006CD5BB /* AFNetworkReachabilityManager.h */,
				CE38F2BA1E922EDA006CD5BB /* AFNetworkReachabilityManager.m */,
				CE38F2BB1E922EDA006CD5BB /* AFSecurityPolicy.h */,
				CE38F2BC1E922EDA006CD5BB /* AFSecurityPolicy.m */,
				CE38F2BD1E922EDA006CD5BB /* AFURLRequestSerialization.h */,
				CE38F2BE1E922EDA006CD5BB /* AFURLRequestSerialization.m */,
				CE38F2BF1E922EDA006CD5BB /* AFURLResponseSerialization.h */,
				CE38F2C01E922EDA006CD5BB /* AFURLResponseSerialization.m */,
				CE38F2C11E922EDA006CD5BB /* AFURLSessionManager.h */,
				CE38F2C21E922EDA006CD5BB /* AFURLSessionManager.m */,
			);
			path = AFNetworking;
			sourceTree = "<group>";
		};
		CE38F2C91E922EEE006CD5BB /* UIKit+AFNetworking */ = {
			isa = PBXGroup;
			children = (
				CE38F2CA1E922EEE006CD5BB /* AFAutoPurgingImageCache.h */,
				CE38F2CB1E922EEE006CD5BB /* AFAutoPurgingImageCache.m */,
				CE38F2CC1E922EEE006CD5BB /* AFImageDownloader.h */,
				CE38F2CD1E922EEE006CD5BB /* AFImageDownloader.m */,
				CE38F2CE1E922EEE006CD5BB /* AFNetworkActivityIndicatorManager.h */,
				CE38F2CF1E922EEE006CD5BB /* AFNetworkActivityIndicatorManager.m */,
				CE38F2D01E922EEE006CD5BB /* UIActivityIndicatorView+AFNetworking.h */,
				CE38F2D11E922EEE006CD5BB /* UIActivityIndicatorView+AFNetworking.m */,
				CE38F2D21E922EEE006CD5BB /* UIButton+AFNetworking.h */,
				CE38F2D31E922EEE006CD5BB /* UIButton+AFNetworking.m */,
				CE38F2D41E922EEE006CD5BB /* UIImage+AFNetworking.h */,
				CE38F2D51E922EEE006CD5BB /* UIImageView+AFNetworking.h */,
				CE38F2D61E922EEE006CD5BB /* UIImageView+AFNetworking.m */,
				CE38F2D71E922EEE006CD5BB /* UIKit+AFNetworking.h */,
				CE38F2D81E922EEE006CD5BB /* UIProgressView+AFNetworking.h */,
				CE38F2D91E922EEE006CD5BB /* UIProgressView+AFNetworking.m */,
				CE38F2DA1E922EEE006CD5BB /* UIRefreshControl+AFNetworking.h */,
				CE38F2DB1E922EEE006CD5BB /* UIRefreshControl+AFNetworking.m */,
				CE38F2DC1E922EEE006CD5BB /* UIWebView+AFNetworking.h */,
				CE38F2DD1E922EEE006CD5BB /* UIWebView+AFNetworking.m */,
			);
			path = "UIKit+AFNetworking";
			sourceTree = "<group>";
		};
/* End PBXGroup section */

/* Begin PBXNativeTarget section */
		CE38F2931E91FA7E006CD5BB /* News */ = {
			isa = PBXNativeTarget;
			buildConfigurationList = CE38F2A51E91FA7E006CD5BB /* Build configuration list for PBXNativeTarget "News" */;
			buildPhases = (
				CE38F2901E91FA7E006CD5BB /* Sources */,
				CE38F2911E91FA7E006CD5BB /* Frameworks */,
				CE38F2921E91FA7E006CD5BB /* Resources */,
			);
			buildRules = (
			);
			dependencies = (
			);
			name = News;
			productName = News;
			productReference = CE38F2941E91FA7E006CD5BB /* News.app */;
			productType = "com.apple.product-type.application";
		};
/* End PBXNativeTarget section */

/* Begin PBXProject section */
		CE38F28C1E91FA7E006CD5BB /* Project object */ = {
			isa = PBXProject;
			attributes = {
				LastUpgradeCheck = 0830;
				ORGANIZATIONNAME = "徐伟博";
				TargetAttributes = {
					CE38F2931E91FA7E006CD5BB = {
						CreatedOnToolsVersion = 8.3;
						DevelopmentTeam = 263FN2N6R9;
						ProvisioningStyle = Automatic;
					};
				};
			};
			buildConfigurationList = CE38F28F1E91FA7E006CD5BB /* Build configuration list for PBXProject "News" */;
			compatibilityVersion = "Xcode 3.2";
			developmentRegion = English;
			hasScannedForEncodings = 0;
			knownRegions = (
				en,
				Base,
			);
			mainGroup = CE38F28B1E91FA7E006CD5BB;
			productRefGroup = CE38F2951E91FA7E006CD5BB /* Products */;
			projectDirPath = "";
			projectRoot = "";
			targets = (
				CE38F2931E91FA7E006CD5BB /* News */,
			);
		};
/* End PBXProject section */

/* Begin PBXResourcesBuildPhase section */
		CE38F2921E91FA7E006CD5BB /* Resources */ = {
			isa = PBXResourcesBuildPhase;
			buildActionMask = 2147483647;
			files = (
				CE38F29E1E91FA7E006CD5BB /* Assets.xcassets in Resources */,
			);
			runOnlyForDeploymentPostprocessing = 0;
		};
/* End PBXResourcesBuildPhase section */

/* Begin PBXSourcesBuildPhase section */
		CE38F2901E91FA7E006CD5BB /* Sources */ = {
			isa = PBXSourcesBuildPhase;
			buildActionMask = 2147483647;
			files = (
				CE38F2C51E922EDA006CD5BB /* AFSecurityPolicy.m in Sources */,
				CE38F2C71E922EDA006CD5BB /* AFURLResponseSerialization.m in Sources */,
				CE38F29C1E91FA7E006CD5BB /* AppDelegate.m in Sources */,
				CE38F2B41E91FEDF006CD5BB /* NewsListVC.m in Sources */,
				CE38F2E91E922F7D006CD5BB /* APIManager.m in Sources */,
				CE38F2C31E922EDA006CD5BB /* AFHTTPSessionManager.m in Sources */,
				CE38F2C81E922EDA006CD5BB /* AFURLSessionManager.m in Sources */,
				CE38F2E11E922EEE006CD5BB /* UIActivityIndicatorView+AFNetworking.m in Sources */,
				CE38F2991E91FA7E006CD5BB /* main.m in Sources */,
				CE38F2E41E922EEE006CD5BB /* UIProgressView+AFNetworking.m in Sources */,
				CE38F2C41E922EDA006CD5BB /* AFNetworkReachabilityManager.m in Sources */,
				CE38F2B11E91FEC3006CD5BB /* CodingHelper.m in Sources */,
				CE38F2E01E922EEE006CD5BB /* AFNetworkActivityIndicatorManager.m in Sources */,
				CE38F2E31E922EEE006CD5BB /* UIImageView+AFNetworking.m in Sources */,
				CE38F2E21E922EEE006CD5BB /* UIButton+AFNetworking.m in Sources */,
				CE38F2E51E922EEE006CD5BB /* UIRefreshControl+AFNetworking.m in Sources */,
				CE38F2E61E922EEE006CD5BB /* UIWebView+AFNetworking.m in Sources */,
				CE38F2C61E922EDA006CD5BB /* AFURLRequestSerialization.m in Sources */,
				CE38F2DE1E922EEE006CD5BB /* AFAutoPurgingImageCache.m in Sources */,
				CE38F2DF1E922EEE006CD5BB /* AFImageDownloader.m in Sources */,
			);
			runOnlyForDeploymentPostprocessing = 0;
		};
/* End PBXSourcesBuildPhase section */

/* Begin XCBuildConfiguration section */
		CE38F2A31E91FA7E006CD5BB /* Debug */ = {
			isa = XCBuildConfiguration;
			buildSettings = {
				ALWAYS_SEARCH_USER_PATHS = NO;
				CLANG_ANALYZER_NONNULL = YES;
				CLANG_ANALYZER_NUMBER_OBJECT_CONVERSION = YES_AGGRESSIVE;
				CLANG_CXX_LANGUAGE_STANDARD = "gnu++0x";
				CLANG_CXX_LIBRARY = "libc++";
				CLANG_ENABLE_MODULES = YES;
				CLANG_ENABLE_OBJC_ARC = YES;
				CLANG_WARN_BOOL_CONVERSION = YES;
				CLANG_WARN_CONSTANT_CONVERSION = YES;
				CLANG_WARN_DIRECT_OBJC_ISA_USAGE = YES_ERROR;
				CLANG_WARN_DOCUMENTATION_COMMENTS = YES;
				CLANG_WARN_EMPTY_BODY = YES;
				CLANG_WARN_ENUM_CONVERSION = YES;
				CLANG_WARN_INFINITE_RECURSION = YES;
				CLANG_WARN_INT_CONVERSION = YES;
				CLANG_WARN_OBJC_ROOT_CLASS = YES_ERROR;
				CLANG_WARN_SUSPICIOUS_MOVE = YES;
				CLANG_WARN_UNREACHABLE_CODE = YES;
				CLANG_WARN__DUPLICATE_METHOD_MATCH = YES;
				"CODE_SIGN_IDENTITY[sdk=iphoneos*]" = "iPhone Developer";
				COPY_PHASE_STRIP = NO;
				DEBUG_INFORMATION_FORMAT = dwarf;
				ENABLE_STRICT_OBJC_MSGSEND = YES;
				ENABLE_TESTABILITY = YES;
				GCC_C_LANGUAGE_STANDARD = gnu99;
				GCC_DYNAMIC_NO_PIC = NO;
				GCC_NO_COMMON_BLOCKS = YES;
				GCC_OPTIMIZATION_LEVEL = 0;
				GCC_PREPROCESSOR_DEFINITIONS = (
					"DEBUG=1",
					"$(inherited)",
				);
				GCC_WARN_64_TO_32_BIT_CONVERSION = YES;
				GCC_WARN_ABOUT_RETURN_TYPE = YES_ERROR;
				GCC_WARN_UNDECLARED_SELECTOR = YES;
				GCC_WARN_UNINITIALIZED_AUTOS = YES_AGGRESSIVE;
				GCC_WARN_UNUSED_FUNCTION = YES;
				GCC_WARN_UNUSED_VARIABLE = YES;
				IPHONEOS_DEPLOYMENT_TARGET = 8.0;
				MTL_ENABLE_DEBUG_INFO = YES;
				ONLY_ACTIVE_ARCH = YES;
				SDKROOT = iphoneos;
			};
			name = Debug;
		};
		CE38F2A41E91FA7E006CD5BB /* Release */ = {
			isa = XCBuildConfiguration;
			buildSettings = {
				ALWAYS_SEARCH_USER_PATHS = NO;
				CLANG_ANALYZER_NONNULL = YES;
				CLANG_ANALYZER_NUMBER_OBJECT_CONVERSION = YES_AGGRESSIVE;
				CLANG_CXX_LANGUAGE_STANDARD = "gnu++0x";
				CLANG_CXX_LIBRARY = "libc++";
				CLANG_ENABLE_MODULES = YES;
				CLANG_ENABLE_OBJC_ARC = YES;
				CLANG_WARN_BOOL_CONVERSION = YES;
				CLANG_WARN_CONSTANT_CONVERSION = YES;
				CLANG_WARN_DIRECT_OBJC_ISA_USAGE = YES_ERROR;
				CLANG_WARN_DOCUMENTATION_COMMENTS = YES;
				CLANG_WARN_EMPTY_BODY = YES;
				CLANG_WARN_ENUM_CONVERSION = YES;
				CLANG_WARN_INFINITE_RECURSION = YES;
				CLANG_WARN_INT_CONVERSION = YES;
				CLANG_WARN_OBJC_ROOT_CLASS = YES_ERROR;
				CLANG_WARN_SUSPICIOUS_MOVE = YES;
				CLANG_WARN_UNREACHABLE_CODE = YES;
				CLANG_WARN__DUPLICATE_METHOD_MATCH = YES;
				"CODE_SIGN_IDENTITY[sdk=iphoneos*]" = "iPhone Developer";
				COPY_PHASE_STRIP = NO;
				DEBUG_INFORMATION_FORMAT = "dwarf-with-dsym";
				ENABLE_NS_ASSERTIONS = NO;
				ENABLE_STRICT_OBJC_MSGSEND = YES;
				GCC_C_LANGUAGE_STANDARD = gnu99;
				GCC_NO_COMMON_BLOCKS = YES;
				GCC_WARN_64_TO_32_BIT_CONVERSION = YES;
				GCC_WARN_ABOUT_RETURN_TYPE = YES_ERROR;
				GCC_WARN_UNDECLARED_SELECTOR = YES;
				GCC_WARN_UNINITIALIZED_AUTOS = YES_AGGRESSIVE;
				GCC_WARN_UNUSED_FUNCTION = YES;
				GCC_WARN_UNUSED_VARIABLE = YES;
				IPHONEOS_DEPLOYMENT_TARGET = 8.0;
				MTL_ENABLE_DEBUG_INFO = NO;
				SDKROOT = iphoneos;
				VALIDATE_PRODUCT = YES;
			};
			name = Release;
		};
		CE38F2A61E91FA7E006CD5BB /* Debug */ = {
			isa = XCBuildConfiguration;
			buildSettings = {
				ASSETCATALOG_COMPILER_APPICON_NAME = AppIcon;
				ASSETCATALOG_COMPILER_LAUNCHIMAGE_NAME = LaunchImage;
				DEVELOPMENT_TEAM = 263FN2N6R9;
				INFOPLIST_FILE = News/Info.plist;
				IPHONEOS_DEPLOYMENT_TARGET = 8.0;
				LD_RUNPATH_SEARCH_PATHS = "$(inherited) @executable_path/Frameworks";
				PRODUCT_BUNDLE_IDENTIFIER = com.xuweibo.News;
				PRODUCT_NAME = "$(TARGET_NAME)";
			};
			name = Debug;
		};
		CE38F2A71E91FA7E006CD5BB /* Release */ = {
			isa = XCBuildConfiguration;
			buildSettings = {
				ASSETCATALOG_COMPILER_APPICON_NAME = AppIcon;
				ASSETCATALOG_COMPILER_LAUNCHIMAGE_NAME = LaunchImage;
				DEVELOPMENT_TEAM = 263FN2N6R9;
				INFOPLIST_FILE = News/Info.plist;
				IPHONEOS_DEPLOYMENT_TARGET = 8.0;
				LD_RUNPATH_SEARCH_PATHS = "$(inherited) @executable_path/Frameworks";
				PRODUCT_BUNDLE_IDENTIFIER = com.xuweibo.News;
				PRODUCT_NAME = "$(TARGET_NAME)";
			};
			name = Release;
		};
/* End XCBuildConfiguration section */

/* Begin XCConfigurationList section */
		CE38F28F1E91FA7E006CD5BB /* Build configuration list for PBXProject "News" */ = {
			isa = XCConfigurationList;
			buildConfigurations = (
				CE38F2A31E91FA7E006CD5BB /* Debug */,
				CE38F2A41E91FA7E006CD5BB /* Release */,
			);
			defaultConfigurationIsVisible = 0;
			defaultConfigurationName = Release;
		};
		CE38F2A51E91FA7E006CD5BB /* Build configuration list for PBXNativeTarget "News" */ = {
			isa = XCConfigurationList;
			buildConfigurations = (
				CE38F2A61E91FA7E006CD5BB /* Debug */,
				CE38F2A71E91FA7E006CD5BB /* Release */,
			);
			defaultConfigurationIsVisible = 0;
		};
/* End XCConfigurationList section */
	};
	rootObject = CE38F28C1E91FA7E006CD5BB /* Project object */;
}
